
Microsoft Visual Studio Solution File, Format Version 12.00
# Visual Studio 15
VisualStudioVersion = 15.0.27428.2015
MinimumVisualStudioVersion = 10.0.40219.1
Project("{FAE04EC0-301F-11D3-BF4B-00C04F79EFBC}") = "Namespace", "Namespace\Namespace.csproj", "{3D658198-12B8-49C5-94CA-60CA388E0D10}"
EndProject
Project("{FAE04EC0-301F-11D3-BF4B-00C04F79EFBC}") = "HelloWorld", "HelloWorld\HelloWorld.csproj", "{D5C04C90-8C60-4A0E-922D-194D82CF1DDE}"
EndProject
Project("{FAE04EC0-301F-11D3-BF4B-00C04F79EFBC}") = "Variable", "Variable\Variable.csproj", "{EF97ABDA-23DF-47AD-A493-B8B081ABB277}"
EndProject
Project("{FAE04EC0-301F-11D3-BF4B-00C04F79EFBC}") = "DataTypeConversion", "DataTypeConversion\DataTypeConversion.csproj", "{B642091A-AD3B-4ADC-86C1-9844585F59CF}"
EndProject
Project("{FAE04EC0-301F-11D3-BF4B-00C04F79EFBC}") = "EmployeeInfo", "EmployeeInfo\EmployeeInfo.csproj", "{77CABB9C-12DC-430D-8AE3-D0E0D836DCE5}"
EndProject
Project("{FAE04EC0-301F-11D3-BF4B-00C04F79EFBC}") = "ReverseSentence", "ReverseSentence\ReverseSentence.csproj", "{329EE598-B1C0-490F-B45C-C3A0A3F4F23C}"
EndProject
Project("{FAE04EC0-301F-11D3-BF4B-00C04F79EFBC}") = "BankAccountManager", "BankAccountManager\BankAccountManager.csproj", "{09D1D1AF-81BA-45D9-B7BB-057D7C269B70}"
EndProject
Project("{FAE04EC0-301F-11D3-BF4B-00C04F79EFBC}") = "Array", "Array\Array.csproj", "{37AF9C44-31B0-4818-BC1A-0C562B31C827}"
EndProject
Project("{FAE04EC0-301F-11D3-BF4B-00C04F79EFBC}") = "ValueTypeReferenceType", "ValueTypeReferenceType\ValueTypeReferenceType.csproj", "{AF0EB251-416E-4A20-B64E-BDED65A53463}"
EndProject
Project("{FAE04EC0-301F-11D3-BF4B-00C04F79EFBC}") = "Test", "Test\Test.csproj", "{2A44CAB0-70C9-4253-A779-A1CF4B256802}"
EndProject
Project("{FAE04EC0-301F-11D3-BF4B-00C04F79EFBC}") = "FunctionOverload", "FunctionOverload\FunctionOverload.csproj", "{42BFEAA2-6346-434F-A0BD-5F885F5223C1}"
EndProject
Global
	GlobalSection(SolutionConfigurationPlatforms) = preSolution
		Debug|Any CPU = Debug|Any CPU
		Release|Any CPU = Release|Any CPU
	EndGlobalSection
	GlobalSection(ProjectConfigurationPlatforms) = postSolution
		{3D658198-12B8-49C5-94CA-60CA388E0D10}.Debug|Any CPU.ActiveCfg = Debug|Any CPU
		{3D658198-12B8-49C5-94CA-60CA388E0D10}.Debug|Any CPU.Build.0 = Debug|Any CPU
		{3D658198-12B8-49C5-94CA-60CA388E0D10}.Release|Any CPU.ActiveCfg = Release|Any CPU
		{3D658198-12B8-49C5-94CA-60CA388E0D10}.Release|Any CPU.Build.0 = Release|Any CPU
		{D5C04C90-8C60-4A0E-922D-194D82CF1DDE}.Debug|Any CPU.ActiveCfg = Debug|Any CPU
		{D5C04C90-8C60-4A0E-922D-194D82CF1DDE}.Debug|Any CPU.Build.0 = Debug|Any CPU
		{D5C04C90-8C60-4A0E-922D-194D82CF1DDE}.Release|Any CPU.ActiveCfg = Release|Any CPU
		{D5C04C90-8C60-4A0E-922D-194D82CF1DDE}.Release|Any CPU.Build.0 = Release|Any CPU
		{EF97ABDA-23DF-47AD-A493-B8B081ABB277}.Debug|Any CPU.ActiveCfg = Debug|Any CPU
		{EF97ABDA-23DF-47AD-A493-B8B081ABB277}.Debug|Any CPU.Build.0 = Debug|Any CPU
		{EF97ABDA-23DF-47AD-A493-B8B081ABB277}.Release|Any CPU.ActiveCfg = Release|Any CPU
		{EF97ABDA-23DF-47AD-A493-B8B081ABB277}.Release|Any CPU.Build.0 = Release|Any CPU
		{B642091A-AD3B-4ADC-86C1-9844585F59CF}.Debug|Any CPU.ActiveCfg = Debug|Any CPU
		{B642091A-AD3B-4ADC-86C1-9844585F59CF}.Debug|Any CPU.Build.0 = Debug|Any CPU
		{B642091A-AD3B-4ADC-86C1-9844585F59CF}.Release|Any CPU.ActiveCfg = Release|Any CPU
		{B642091A-AD3B-4ADC-86C1-9844585F59CF}.Release|Any CPU.Build.0 = Release|Any CPU
		{77CABB9C-12DC-430D-8AE3-D0E0D836DCE5}.Debug|Any CPU.ActiveCfg = Debug|Any CPU
		{77CABB9C-12DC-430D-8AE3-D0E0D836DCE5}.Debug|Any CPU.Build.0 = Debug|Any CPU
		{77CABB9C-12DC-430D-8AE3-D0E0D836DCE5}.Release|Any CPU.ActiveCfg = Release|Any CPU
		{77CABB9C-12DC-430D-8AE3-D0E0D836DCE5}.Release|Any CPU.Build.0 = Release|Any CPU
		{329EE598-B1C0-490F-B45C-C3A0A3F4F23C}.Debug|Any CPU.ActiveCfg = Debug|Any CPU
		{329EE598-B1C0-490F-B45C-C3A0A3F4F23C}.Debug|Any CPU.Build.0 = Debug|Any CPU
		{329EE598-B1C0-490F-B45C-C3A0A3F4F23C}.Release|Any CPU.ActiveCfg = Release|Any CPU
		{329EE598-B1C0-490F-B45C-C3A0A3F4F23C}.Release|Any CPU.Build.0 = Release|Any CPU
		{09D1D1AF-81BA-45D9-B7BB-057D7C269B70}.Debug|Any CPU.ActiveCfg = Debug|Any CPU
		{09D1D1AF-81BA-45D9-B7BB-057D7C269B70}.Debug|Any CPU.Build.0 = Debug|Any CPU
		{09D1D1AF-81BA-45D9-B7BB-057D7C269B70}.Release|Any CPU.ActiveCfg = Release|Any CPU
		{09D1D1AF-81BA-45D9-B7BB-057D7C269B70}.Release|Any CPU.Build.0 = Release|Any CPU
		{37AF9C44-31B0-4818-BC1A-0C562B31C827}.Debug|Any CPU.ActiveCfg = Debug|Any CPU
		{37AF9C44-31B0-4818-BC1A-0C562B31C827}.Debug|Any CPU.Build.0 = Debug|Any CPU
		{37AF9C44-31B0-4818-BC1A-0C562B31C827}.Release|Any CPU.ActiveCfg = Release|Any CPU
		{37AF9C44-31B0-4818-BC1A-0C562B31C827}.Release|Any CPU.Build.0 = Release|Any CPU
		{AF0EB251-416E-4A20-B64E-BDED65A53463}.Debug|Any CPU.ActiveCfg = Debug|Any CPU
		{AF0EB251-416E-4A20-B64E-BDED65A53463}.Debug|Any CPU.Build.0 = Debug|Any CPU
		{AF0EB251-416E-4A20-B64E-BDED65A53463}.Release|Any CPU.ActiveCfg = Release|Any CPU
		{AF0EB251-416E-4A20-B64E-BDED65A53463}.Release|Any CPU.Build.0 = Release|Any CPU
		{2A44CAB0-70C9-4253-A779-A1CF4B256802}.Debug|Any CPU.ActiveCfg = Debug|Any CPU
		{2A44CAB0-70C9-4253-A779-A1CF4B256802}.Debug|Any CPU.Build.0 = Debug|Any CPU
		{2A44CAB0-70C9-4253-A779-A1CF4B256802}.Release|Any CPU.ActiveCfg = Release|Any CPU
		{2A44CAB0-70C9-4253-A779-A1CF4B256802}.Release|Any CPU.Build.0 = Release|Any CPU
		{42BFEAA2-6346-434F-A0BD-5F885F5223C1}.Debug|Any CPU.ActiveCfg = Debug|Any CPU
		{42BFEAA2-6346-434F-A0BD-5F885F5223C1}.Debug|Any CPU.Build.0 = Debug|Any CPU
		{42BFEAA2-6346-434F-A0BD-5F885F5223C1}.Release|Any CPU.ActiveCfg = Release|Any CPU
		{42BFEAA2-6346-434F-A0BD-5F885F5223C1}.Release|Any CPU.Build.0 = Release|Any CPU
	EndGlobalSection
	GlobalSection(SolutionProperties) = preSolution
		HideSolutionNode = FALSE
	EndGlobalSection
	GlobalSection(ExtensibilityGlobals) = postSolution
		SolutionGuid = {45B582BB-3EB8-4578-BDEC-874B835F51B1}
	EndGlobalSection
EndGlobal
