
Microsoft Visual Studio Solution File, Format Version 12.00
# Visual Studio 15
VisualStudioVersion = 15.0.27428.2015
MinimumVisualStudioVersion = 10.0.40219.1
Project("{FAE04EC0-301F-11D3-BF4B-00C04F79EFBC}") = "Namespace", "Namespace\Namespace.csproj", "{3D658198-12B8-49C5-94CA-60CA388E0D10}"
EndProject
Project("{FAE04EC0-301F-11D3-BF4B-00C04F79EFBC}") = "HelloWorld", "HelloWorld\HelloWorld.csproj", "{D5C04C90-8C60-4A0E-922D-194D82CF1DDE}"
EndProject
Project("{FAE04EC0-301F-11D3-BF4B-00C04F79EFBC}") = "Variable", "Variable\Variable.csproj", "{EF97ABDA-23DF-47AD-A493-B8B081ABB277}"
EndProject
Global
	GlobalSection(SolutionConfigurationPlatforms) = preSolution
		Debug|Any CPU = Debug|Any CPU
		Release|Any CPU = Release|Any CPU
	EndGlobalSection
	GlobalSection(ProjectConfigurationPlatforms) = postSolution
		{3D658198-12B8-49C5-94CA-60CA388E0D10}.Debug|Any CPU.ActiveCfg = Debug|Any CPU
		{3D658198-12B8-49C5-94CA-60CA388E0D10}.Debug|Any CPU.Build.0 = Debug|Any CPU
		{3D658198-12B8-49C5-94CA-60CA388E0D10}.Release|Any CPU.ActiveCfg = Release|Any CPU
		{3D658198-12B8-49C5-94CA-60CA388E0D10}.Release|Any CPU.Build.0 = Release|Any CPU
		{D5C04C90-8C60-4A0E-922D-194D82CF1DDE}.Debug|Any CPU.ActiveCfg = Debug|Any CPU
		{D5C04C90-8C60-4A0E-922D-194D82CF1DDE}.Debug|Any CPU.Build.0 = Debug|Any CPU
		{D5C04C90-8C60-4A0E-922D-194D82CF1DDE}.Release|Any CPU.ActiveCfg = Release|Any CPU
		{D5C04C90-8C60-4A0E-922D-194D82CF1DDE}.Release|Any CPU.Build.0 = Release|Any CPU
		{EF97ABDA-23DF-47AD-A493-B8B081ABB277}.Debug|Any CPU.ActiveCfg = Debug|Any CPU
		{EF97ABDA-23DF-47AD-A493-B8B081ABB277}.Debug|Any CPU.Build.0 = Debug|Any CPU
		{EF97ABDA-23DF-47AD-A493-B8B081ABB277}.Release|Any CPU.ActiveCfg = Release|Any CPU
		{EF97ABDA-23DF-47AD-A493-B8B081ABB277}.Release|Any CPU.Build.0 = Release|Any CPU
	EndGlobalSection
	GlobalSection(SolutionProperties) = preSolution
		HideSolutionNode = FALSE
	EndGlobalSection
	GlobalSection(ExtensibilityGlobals) = postSolution
		SolutionGuid = {45B582BB-3EB8-4578-BDEC-874B835F51B1}
	EndGlobalSection
EndGlobal
